
Microsoft Visual Studio Solution File, Format Version 12.00
# Visual Studio Version 17
VisualStudioVersion = 17.6.33829.357
MinimumVisualStudioVersion = 10.0.40219.1
Project("{FAE04EC0-301F-11D3-BF4B-00C04F79EFBC}") = "Zenith", "Zenith\Zenith.csproj", "{8E0E16AF-B2EC-42EF-8D1E-87A342805E6B}"
EndProject
Global
	GlobalSection(SolutionConfigurationPlatforms) = preSolution
		Debug|Any CPU = Debug|Any CPU
		Release|Any CPU = Release|Any CPU
	EndGlobalSection
	GlobalSection(ProjectConfigurationPlatforms) = postSolution
		{8E0E16AF-B2EC-42EF-8D1E-87A342805E6B}.Debug|Any CPU.ActiveCfg = Debug|Any CPU
		{8E0E16AF-B2EC-42EF-8D1E-87A342805E6B}.Debug|Any CPU.Build.0 = Debug|Any CPU
		{8E0E16AF-B2EC-42EF-8D1E-87A342805E6B}.Release|Any CPU.ActiveCfg = Release|Any CPU
		{8E0E16AF-B2EC-42EF-8D1E-87A342805E6B}.Release|Any CPU.Build.0 = Release|Any CPU
	EndGlobalSection
	GlobalSection(SolutionProperties) = preSolution
		HideSolutionNode = FALSE
	EndGlobalSection
	GlobalSection(ExtensibilityGlobals) = postSolution
		SolutionGuid = {4856D451-C826-471C-BE2F-F1FA5963FB92}
	EndGlobalSection
EndGlobal
